
Microsoft Visual Studio Solution File, Format Version 12.00
# Visual Studio Version 16
VisualStudioVersion = 16.0.30320.27
MinimumVisualStudioVersion = 15.0.26124.0
Project("{2150E333-8FDC-42A3-9474-1A3956D46DE8}") = "src", "src", "{75A955E9-4004-44E4-A792-B60749FA272D}"
EndProject
Project("{9A19103F-16F7-4668-BE54-9A1E7A4F7556}") = "IdentityServer", "src\IdentityServer\IdentityServer.csproj", "{A90FFCBB-008F-422E-909E-A09C270E547F}"
EndProject
Project("{9A19103F-16F7-4668-BE54-9A1E7A4F7556}") = "Api", "Api\Api.csproj", "{7538E5D8-7F25-4220-9496-07E1B3605B82}"
EndProject
Project("{9A19103F-16F7-4668-BE54-9A1E7A4F7556}") = "Client", "Client\Client.csproj", "{B71B4EE1-AE8A-4221-A146-B08B772F884C}"
EndProject
Project("{9A19103F-16F7-4668-BE54-9A1E7A4F7556}") = "MVCClient", "src\MVCClient\MVCClient.csproj", "{DEC64C23-D687-4BDA-A22D-FBDEFCEDC2C7}"
EndProject
Global
	GlobalSection(SolutionConfigurationPlatforms) = preSolution
		Debug|Any CPU = Debug|Any CPU
		Debug|x64 = Debug|x64
		Debug|x86 = Debug|x86
		Release|Any CPU = Release|Any CPU
		Release|x64 = Release|x64
		Release|x86 = Release|x86
	EndGlobalSection
	GlobalSection(ProjectConfigurationPlatforms) = postSolution
		{A90FFCBB-008F-422E-909E-A09C270E547F}.Debug|Any CPU.ActiveCfg = Debug|Any CPU
		{A90FFCBB-008F-422E-909E-A09C270E547F}.Debug|Any CPU.Build.0 = Debug|Any CPU
		{A90FFCBB-008F-422E-909E-A09C270E547F}.Debug|x64.ActiveCfg = Debug|Any CPU
		{A90FFCBB-008F-422E-909E-A09C270E547F}.Debug|x64.Build.0 = Debug|Any CPU
		{A90FFCBB-008F-422E-909E-A09C270E547F}.Debug|x86.ActiveCfg = Debug|Any CPU
		{A90FFCBB-008F-422E-909E-A09C270E547F}.Debug|x86.Build.0 = Debug|Any CPU
		{A90FFCBB-008F-422E-909E-A09C270E547F}.Release|Any CPU.ActiveCfg = Release|Any CPU
		{A90FFCBB-008F-422E-909E-A09C270E547F}.Release|Any CPU.Build.0 = Release|Any CPU
		{A90FFCBB-008F-422E-909E-A09C270E547F}.Release|x64.ActiveCfg = Release|Any CPU
		{A90FFCBB-008F-422E-909E-A09C270E547F}.Release|x64.Build.0 = Release|Any CPU
		{A90FFCBB-008F-422E-909E-A09C270E547F}.Release|x86.ActiveCfg = Release|Any CPU
		{A90FFCBB-008F-422E-909E-A09C270E547F}.Release|x86.Build.0 = Release|Any CPU
		{7538E5D8-7F25-4220-9496-07E1B3605B82}.Debug|Any CPU.ActiveCfg = Debug|Any CPU
		{7538E5D8-7F25-4220-9496-07E1B3605B82}.Debug|Any CPU.Build.0 = Debug|Any CPU
		{7538E5D8-7F25-4220-9496-07E1B3605B82}.Debug|x64.ActiveCfg = Debug|Any CPU
		{7538E5D8-7F25-4220-9496-07E1B3605B82}.Debug|x64.Build.0 = Debug|Any CPU
		{7538E5D8-7F25-4220-9496-07E1B3605B82}.Debug|x86.ActiveCfg = Debug|Any CPU
		{7538E5D8-7F25-4220-9496-07E1B3605B82}.Debug|x86.Build.0 = Debug|Any CPU
		{7538E5D8-7F25-4220-9496-07E1B3605B82}.Release|Any CPU.ActiveCfg = Release|Any CPU
		{7538E5D8-7F25-4220-9496-07E1B3605B82}.Release|Any CPU.Build.0 = Release|Any CPU
		{7538E5D8-7F25-4220-9496-07E1B3605B82}.Release|x64.ActiveCfg = Release|Any CPU
		{7538E5D8-7F25-4220-9496-07E1B3605B82}.Release|x64.Build.0 = Release|Any CPU
		{7538E5D8-7F25-4220-9496-07E1B3605B82}.Release|x86.ActiveCfg = Release|Any CPU
		{7538E5D8-7F25-4220-9496-07E1B3605B82}.Release|x86.Build.0 = Release|Any CPU
		{B71B4EE1-AE8A-4221-A146-B08B772F884C}.Debug|Any CPU.ActiveCfg = Debug|Any CPU
		{B71B4EE1-AE8A-4221-A146-B08B772F884C}.Debug|Any CPU.Build.0 = Debug|Any CPU
		{B71B4EE1-AE8A-4221-A146-B08B772F884C}.Debug|x64.ActiveCfg = Debug|Any CPU
		{B71B4EE1-AE8A-4221-A146-B08B772F884C}.Debug|x64.Build.0 = Debug|Any CPU
		{B71B4EE1-AE8A-4221-A146-B08B772F884C}.Debug|x86.ActiveCfg = Debug|Any CPU
		{B71B4EE1-AE8A-4221-A146-B08B772F884C}.Debug|x86.Build.0 = Debug|Any CPU
		{B71B4EE1-AE8A-4221-A146-B08B772F884C}.Release|Any CPU.ActiveCfg = Release|Any CPU
		{B71B4EE1-AE8A-4221-A146-B08B772F884C}.Release|Any CPU.Build.0 = Release|Any CPU
		{B71B4EE1-AE8A-4221-A146-B08B772F884C}.Release|x64.ActiveCfg = Release|Any CPU
		{B71B4EE1-AE8A-4221-A146-B08B772F884C}.Release|x64.Build.0 = Release|Any CPU
		{B71B4EE1-AE8A-4221-A146-B08B772F884C}.Release|x86.ActiveCfg = Release|Any CPU
		{B71B4EE1-AE8A-4221-A146-B08B772F884C}.Release|x86.Build.0 = Release|Any CPU
		{DEC64C23-D687-4BDA-A22D-FBDEFCEDC2C7}.Debug|Any CPU.ActiveCfg = Debug|Any CPU
		{DEC64C23-D687-4BDA-A22D-FBDEFCEDC2C7}.Debug|Any CPU.Build.0 = Debug|Any CPU
		{DEC64C23-D687-4BDA-A22D-FBDEFCEDC2C7}.Debug|x64.ActiveCfg = Debug|Any CPU
		{DEC64C23-D687-4BDA-A22D-FBDEFCEDC2C7}.Debug|x64.Build.0 = Debug|Any CPU
		{DEC64C23-D687-4BDA-A22D-FBDEFCEDC2C7}.Debug|x86.ActiveCfg = Debug|Any CPU
		{DEC64C23-D687-4BDA-A22D-FBDEFCEDC2C7}.Debug|x86.Build.0 = Debug|Any CPU
		{DEC64C23-D687-4BDA-A22D-FBDEFCEDC2C7}.Release|Any CPU.ActiveCfg = Release|Any CPU
		{DEC64C23-D687-4BDA-A22D-FBDEFCEDC2C7}.Release|Any CPU.Build.0 = Release|Any CPU
		{DEC64C23-D687-4BDA-A22D-FBDEFCEDC2C7}.Release|x64.ActiveCfg = Release|Any CPU
		{DEC64C23-D687-4BDA-A22D-FBDEFCEDC2C7}.Release|x64.Build.0 = Release|Any CPU
		{DEC64C23-D687-4BDA-A22D-FBDEFCEDC2C7}.Release|x86.ActiveCfg = Release|Any CPU
		{DEC64C23-D687-4BDA-A22D-FBDEFCEDC2C7}.Release|x86.Build.0 = Release|Any CPU
	EndGlobalSection
	GlobalSection(SolutionProperties) = preSolution
		HideSolutionNode = FALSE
	EndGlobalSection
	GlobalSection(NestedProjects) = preSolution
		{A90FFCBB-008F-422E-909E-A09C270E547F} = {75A955E9-4004-44E4-A792-B60749FA272D}
		{7538E5D8-7F25-4220-9496-07E1B3605B82} = {75A955E9-4004-44E4-A792-B60749FA272D}
		{B71B4EE1-AE8A-4221-A146-B08B772F884C} = {75A955E9-4004-44E4-A792-B60749FA272D}
		{DEC64C23-D687-4BDA-A22D-FBDEFCEDC2C7} = {75A955E9-4004-44E4-A792-B60749FA272D}
	EndGlobalSection
	GlobalSection(ExtensibilityGlobals) = postSolution
		SolutionGuid = {E55739D6-746C-409E-B376-0F89D11D2C67}
	EndGlobalSection
EndGlobal
